
Microsoft Visual Studio Solution File, Format Version 12.00
# Visual Studio 14
VisualStudioVersion = 14.0.23107.0
MinimumVisualStudioVersion = 10.0.40219.1
Project("{FAE04EC0-301F-11D3-BF4B-00C04F79EFBC}") = "MatthewRocheEadCA3", "MatthewRocheEadCA3\MatthewRocheEadCA3.csproj", "{08A01744-C05D-42D8-82F7-819543648001}"
EndProject
Project("{2150E333-8FDC-42A3-9474-1A3956D46DE8}") = "PublishScripts", "PublishScripts", "{7358F2D7-04DC-46F2-96C5-6C2D8447F5A9}"
	ProjectSection(SolutionItems) = preProject
		PublishScripts\AzureVMPublishModule.psm1 = PublishScripts\AzureVMPublishModule.psm1
		PublishScripts\Publish-WebApplicationVM.ps1 = PublishScripts\Publish-WebApplicationVM.ps1
	EndProjectSection
EndProject
Project("{2150E333-8FDC-42A3-9474-1A3956D46DE8}") = "Configurations", "Configurations", "{30217853-B48E-4DC6-9EF7-B6F6BEF4216F}"
	ProjectSection(SolutionItems) = preProject
		PublishScripts\Configurations\MatthewRocheEadCA3-WAWS-dev.json = PublishScripts\Configurations\MatthewRocheEadCA3-WAWS-dev.json
	EndProjectSection
EndProject
Project("{FAE04EC0-301F-11D3-BF4B-00C04F79EFBC}") = "EADCA3UnitTests", "EADCA3UnitTests\EADCA3UnitTests.csproj", "{0F85FDCE-6993-4C90-8A93-322CFA54F9FF}"
EndProject
Global
	GlobalSection(SolutionConfigurationPlatforms) = preSolution
		Debug|Any CPU = Debug|Any CPU
		Release|Any CPU = Release|Any CPU
	EndGlobalSection
	GlobalSection(ProjectConfigurationPlatforms) = postSolution
		{08A01744-C05D-42D8-82F7-819543648001}.Debug|Any CPU.ActiveCfg = Debug|Any CPU
		{08A01744-C05D-42D8-82F7-819543648001}.Debug|Any CPU.Build.0 = Debug|Any CPU
		{08A01744-C05D-42D8-82F7-819543648001}.Release|Any CPU.ActiveCfg = Release|Any CPU
		{08A01744-C05D-42D8-82F7-819543648001}.Release|Any CPU.Build.0 = Release|Any CPU
		{0F85FDCE-6993-4C90-8A93-322CFA54F9FF}.Debug|Any CPU.ActiveCfg = Debug|Any CPU
		{0F85FDCE-6993-4C90-8A93-322CFA54F9FF}.Debug|Any CPU.Build.0 = Debug|Any CPU
		{0F85FDCE-6993-4C90-8A93-322CFA54F9FF}.Release|Any CPU.ActiveCfg = Release|Any CPU
		{0F85FDCE-6993-4C90-8A93-322CFA54F9FF}.Release|Any CPU.Build.0 = Release|Any CPU
	EndGlobalSection
	GlobalSection(SolutionProperties) = preSolution
		HideSolutionNode = FALSE
	EndGlobalSection
	GlobalSection(NestedProjects) = preSolution
		{30217853-B48E-4DC6-9EF7-B6F6BEF4216F} = {7358F2D7-04DC-46F2-96C5-6C2D8447F5A9}
	EndGlobalSection
EndGlobal
