
Microsoft Visual Studio Solution File, Format Version 12.00
# Visual Studio 2012
Project("{FAE04EC0-301F-11D3-BF4B-00C04F79EFBC}") = "LPT", "LPT\LPT.csproj", "{4633C840-7283-4499-8DDA-F1FC4A48790E}"
EndProject
Project("{CC5FD16D-436D-48AD-A40C-5A424C6E3E79}") = "LPT.Azure", "LPT.Azure\LPT.Azure.ccproj", "{526EA7AF-B619-49CC-A04E-24FE7D3C11A2}"
EndProject
Global
	GlobalSection(SolutionConfigurationPlatforms) = preSolution
		Debug|Any CPU = Debug|Any CPU
		Release|Any CPU = Release|Any CPU
	EndGlobalSection
	GlobalSection(ProjectConfigurationPlatforms) = postSolution
		{4633C840-7283-4499-8DDA-F1FC4A48790E}.Debug|Any CPU.ActiveCfg = Debug|Any CPU
		{4633C840-7283-4499-8DDA-F1FC4A48790E}.Debug|Any CPU.Build.0 = Debug|Any CPU
		{4633C840-7283-4499-8DDA-F1FC4A48790E}.Release|Any CPU.ActiveCfg = Release|Any CPU
		{4633C840-7283-4499-8DDA-F1FC4A48790E}.Release|Any CPU.Build.0 = Release|Any CPU
		{526EA7AF-B619-49CC-A04E-24FE7D3C11A2}.Debug|Any CPU.ActiveCfg = Debug|Any CPU
		{526EA7AF-B619-49CC-A04E-24FE7D3C11A2}.Debug|Any CPU.Build.0 = Debug|Any CPU
		{526EA7AF-B619-49CC-A04E-24FE7D3C11A2}.Release|Any CPU.ActiveCfg = Release|Any CPU
		{526EA7AF-B619-49CC-A04E-24FE7D3C11A2}.Release|Any CPU.Build.0 = Release|Any CPU
	EndGlobalSection
	GlobalSection(SolutionProperties) = preSolution
		HideSolutionNode = FALSE
	EndGlobalSection
EndGlobal
